# THIS IS AN AUTOGENERATED FILE. DO NOT EDIT THIS FILE DIRECTLY.
# yarn lockfile v1


nouislider@^15.5.0:
  version "15.5.0"
  resolved "https://registry.yarnpkg.com/nouislider/-/nouislider-15.5.0.tgz#2adc143de400e3ae191ca291f0df24c519a15b5b"
  integrity sha512-p0Rn0a4XzrBJ+JZRhNDYpRYr6sDPkajsjbvEQoTp/AZlNI3NirO15s1t11D25Gk3zVyvNJAzc1DO48cq/KX5Sw==
